{
  "version": 2,
  "dependencies": {
    "net9.0": {
      "Microsoft.NET.ILLink.Tasks": {
        "type": "Direct",
        "requested": "[9.0.20, )",
        "resolved": "9.0.20",
        "contentHash": "oPFydtjCgow3DXnL8z5gPbq3R1zGvBpcypgRhW172Hn8asJcI8oy7isudAnAAALIWyK+uRWCDP+/+om3s0PZHA=="
      },
      "applepurchasereceiptverifier": {
        "type": "Project",
        "dependencies": {
          "Wasmtime": "[48.0.2, )"
        }
      },
      "Wasmtime": {
        "type": "CentralTransitive",
        "requested": "[48.0.2, )",
        "resolved": "48.0.2",
        "contentHash": "BBqIEIPSTQ5cCVfxk6kH4lYSwNiMQ8Bf2F8Sy1I8N0JkvrWYoqhG3ro41R3JhNStIs0tVbqajBXXKnahyxHn0g=="
      }
    },
    "net9.0/linux-x64": {
      "Wasmtime": {
        "type": "CentralTransitive",
        "requested": "[48.0.2, )",
        "resolved": "48.0.2",
        "contentHash": "BBqIEIPSTQ5cCVfxk6kH4lYSwNiMQ8Bf2F8Sy1I8N0JkvrWYoqhG3ro41R3JhNStIs0tVbqajBXXKnahyxHn0g=="
      }
    }
  }
}