{
  "version": 2,
  "dependencies": {
    "net9.0": {
      "Microsoft.NET.ILLink.Tasks": {
        "type": "Direct",
        "requested": "[9.0.19, )",
        "resolved": "9.0.19",
        "contentHash": "I9GkKrCVjzxGU1hsKSurOW6P/ABPPHARfc/MTnzIgDb8YjJ/votxKN2z7K+J3DvlQXGH0O7KqdtBseRj8j7eNQ=="
      },
      "Microsoft.Bcl.Cryptography": {
        "type": "Transitive",
        "resolved": "10.0.12",
        "contentHash": "gRMy9aW3sAZxKGQwfIh5i/sB7gqCLnhRowjyuCYnZEqM3LyZ+SUi9MlMc4pq3a+ddUflo86yp7vJ9lOy3u0xBw=="
      },
      "applepurchasereceiptverifier": {
        "type": "Project",
        "dependencies": {
          "System.Formats.Asn1": "[10.0.12, )",
          "System.Security.Cryptography.Pkcs": "[10.0.12, )"
        }
      },
      "System.Formats.Asn1": {
        "type": "CentralTransitive",
        "requested": "[10.0.12, )",
        "resolved": "10.0.12",
        "contentHash": "Xu4MyfkDjUTxqFk+vhUXdoICN8uG9X6rL1qRb0HXcIkV6YEVzxuFkXKiBG+/ikoB9CO1w8zFdXJPY036I08fnQ=="
      },
      "System.Security.Cryptography.Pkcs": {
        "type": "CentralTransitive",
        "requested": "[10.0.12, )",
        "resolved": "10.0.12",
        "contentHash": "W6BsawU2tB2qy6u4+3cBOSOmiTUgYWW365b5WMVA1bDxQwZZeNWD+qufKJkDQNKzAKq4b6Q04DDKhmr2SNJ1eg==",
        "dependencies": {
          "Microsoft.Bcl.Cryptography": "10.0.12",
          "System.Formats.Asn1": "10.0.12"
        }
      }
    },
    "net9.0/linux-x64": {
      "System.Security.Cryptography.Pkcs": {
        "type": "CentralTransitive",
        "requested": "[10.0.12, )",
        "resolved": "10.0.12",
        "contentHash": "W6BsawU2tB2qy6u4+3cBOSOmiTUgYWW365b5WMVA1bDxQwZZeNWD+qufKJkDQNKzAKq4b6Q04DDKhmr2SNJ1eg==",
        "dependencies": {
          "Microsoft.Bcl.Cryptography": "10.0.12",
          "System.Formats.Asn1": "10.0.12"
        }
      }
    }
  }
}