# This file is automatically @generated by Cargo.
# It is not intended for manual editing.
version = 4

[[package]]
name = "tz-rs"
version = "0.7.3"
source = "registry+https://github.com/rust-lang/crates.io-index"
checksum = "4fc6c929ffa10fb34f4a3c7e9a73620a83ef2e85e47f9ec3381b8289e6762f42"

[[package]]
name = "tzspike-tzrs-tzif"
version = "0.0.0"
dependencies = [
 "tz-rs",
]
