{
  "version": 1,
  "dependencies": {
    "net10.0": {
      "SharpFuzz": {
        "type": "Direct",
        "requested": "[2.3.0, )",
        "resolved": "2.3.0",
        "contentHash": "5f11toR82RVCIBTr5XuuauJgesGVXIAO6vBCvLThNbrcer9NN6qB2HCA/Q122BvH2qRPsLx14O6QVtCbgRQhog==",
        "dependencies": {
          "SharpFuzz.Common": "2.2.0",
          "dnlib": "4.4.0"
        }
      },
      "dnlib": {
        "type": "Transitive",
        "resolved": "4.4.0",
        "contentHash": "cKHI720q+zfEEvzklWVGt6B0TH3AibAyJbpUJl4U6KvTP13tycfnqJpkGHRZ/oQ45BTIoIxIwltHIJVDN+iCqQ=="
      },
      "SharpFuzz.Common": {
        "type": "Transitive",
        "resolved": "2.2.0",
        "contentHash": "biITWpwnMR7HUp43lAGU97DWq/4LfyXqqhuOK0Z4IuRP97KjQMOe/GKq3wE1KY21gNrc7OPO9HbAtQUvMKTImA=="
      },
      "System.Security.Cryptography.Pkcs": {
        "type": "Transitive",
        "resolved": "10.0.11",
        "contentHash": "8IV+rI3xN/Mkq9MsSX7VZTv9T9Wt+tyhHLwBX9VNZBk8m8kknEs1JeTSjI2x9M2L/fSja+c2WSE5n5Yy0GXdoQ=="
      },
      "applepurchasereceiptverifier": {
        "type": "Project",
        "dependencies": {
          "System.Security.Cryptography.Pkcs": "[10.0.11, )"
        }
      }
    }
  }
}