# This file is automatically @generated by Cargo.
# It is not intended for manual editing.
version = 4

[[package]]
name = "tz-rs"
version = "0.7.3"
source = "registry+https://github.com/rust-lang/crates.io-index"
checksum = "4fc6c929ffa10fb34f4a3c7e9a73620a83ef2e85e47f9ec3381b8289e6762f42"

[[package]]
name = "tzdb_data"
version = "0.2.5"
source = "registry+https://github.com/rust-lang/crates.io-index"
checksum = "febaa995f6852367564e16c3369988b99d471d43ed12b1255b8d294661797f1c"
dependencies = [
 "tz-rs",
]

[[package]]
name = "tzspike-tzdb-data"
version = "0.0.0"
dependencies = [
 "tz-rs",
 "tzdb_data",
]
